
Microsoft Visual Studio Solution File, Format Version 12.00
# Visual Studio Version 16
VisualStudioVersion = 16.0.31129.286
MinimumVisualStudioVersion = 10.0.40219.1
Project("{FAE04EC0-301F-11D3-BF4B-00C04F79EFBC}") = "JohnTestWebApp", "JohnTestWebApp.csproj", "{DA4300A8-8F39-4F2B-9535-705B5034566B}"
EndProject
Global
	GlobalSection(SolutionConfigurationPlatforms) = preSolution
		Debug|Any CPU = Debug|Any CPU
		Release|Any CPU = Release|Any CPU
	EndGlobalSection
	GlobalSection(ProjectConfigurationPlatforms) = postSolution
		{DA4300A8-8F39-4F2B-9535-705B5034566B}.Debug|Any CPU.ActiveCfg = Debug|Any CPU
		{DA4300A8-8F39-4F2B-9535-705B5034566B}.Debug|Any CPU.Build.0 = Debug|Any CPU
		{DA4300A8-8F39-4F2B-9535-705B5034566B}.Release|Any CPU.ActiveCfg = Release|Any CPU
		{DA4300A8-8F39-4F2B-9535-705B5034566B}.Release|Any CPU.Build.0 = Release|Any CPU
	EndGlobalSection
	GlobalSection(SolutionProperties) = preSolution
		HideSolutionNode = FALSE
	EndGlobalSection
	GlobalSection(ExtensibilityGlobals) = postSolution
		SolutionGuid = {0D669CB9-68F2-4594-8E1D-A0C6FEA4730F}
	EndGlobalSection
EndGlobal
